// !$*UTF8*$!
{
	archiveVersion = 1;
	classes = {
	};
	objectVersion = 46;
	objects = {

/* Begin PBXBuildFile section */
		824714491B8B5028000913AB /* main.m in Sources */ = {isa = PBXBuildFile; fileRef = 824714481B8B5028000913AB /* main.m */; };
		8247144C1B8B5028000913AB /* AppDelegate.m in Sources */ = {isa = PBXBuildFile; fileRef = 8247144B1B8B5028000913AB /* AppDelegate.m */; };
		8247144F1B8B5028000913AB /* ViewController.m in Sources */ = {isa = PBXBuildFile; fileRef = 8247144E1B8B5028000913AB /* ViewController.m */; };
		824714521B8B5028000913AB /* Main.storyboard in Resources */ = {isa = PBXBuildFile; fileRef = 824714501B8B5028000913AB /* Main.storyboard */; };
		824714541B8B5028000913AB /* Images.xcassets in Resources */ = {isa = PBXBuildFile; fileRef = 824714531B8B5028000913AB /* Images.xcassets */; };
		824714571B8B5028000913AB /* LaunchScreen.xib in Resources */ = {isa = PBXBuildFile; fileRef = 824714551B8B5028000913AB /* LaunchScreen.xib */; };
		824714631B8B5028000913AB /* _01iOSDiner_iOS_ObjCTests.m in Sources */ = {isa = PBXBuildFile; fileRef = 824714621B8B5028000913AB /* _01iOSDiner_iOS_ObjCTests.m */; };
		824714991B8B5137000913AB /* bg_counter.png in Resources */ = {isa = PBXBuildFile; fileRef = 8247146E1B8B5137000913AB /* bg_counter.png */; };
		8247149A1B8B5137000913AB /* bg_counter@2x.png in Resources */ = {isa = PBXBuildFile; fileRef = 8247146F1B8B5137000913AB /* bg_counter@2x.png */; };
		8247149B1B8B5137000913AB /* bg_wall.png in Resources */ = {isa = PBXBuildFile; fileRef = 824714701B8B5137000913AB /* bg_wall.png */; };
		8247149C1B8B5137000913AB /* bg_wall@2x.png in Resources */ = {isa = PBXBuildFile; fileRef = 824714711B8B5137000913AB /* bg_wall@2x.png */; };
		8247149D1B8B5137000913AB /* button_arrow_left.png in Resources */ = {isa = PBXBuildFile; fileRef = 824714721B8B5137000913AB /* button_arrow_left.png */; };
		8247149E1B8B5137000913AB /* button_arrow_left@2x.png in Resources */ = {isa = PBXBuildFile; fileRef = 824714731B8B5137000913AB /* button_arrow_left@2x.png */; };
		8247149F1B8B5137000913AB /* button_arrow.png in Resources */ = {isa = PBXBuildFile; fileRef = 824714741B8B5137000913AB /* button_arrow.png */; };
		824714A01B8B5137000913AB /* button_arrow@2x.png in Resources */ = {isa = PBXBuildFile; fileRef = 824714751B8B5137000913AB /* button_arrow@2x.png */; };
		824714A11B8B5137000913AB /* button_silver_stretch.png in Resources */ = {isa = PBXBuildFile; fileRef = 824714761B8B5137000913AB /* button_silver_stretch.png */; };
		824714A21B8B5137000913AB /* button_silver_stretch@2x.png in Resources */ = {isa = PBXBuildFile; fileRef = 824714771B8B5137000913AB /* button_silver_stretch@2x.png */; };
		824714A31B8B5137000913AB /* button_silver.png in Resources */ = {isa = PBXBuildFile; fileRef = 824714781B8B5137000913AB /* button_silver.png */; };
		824714A41B8B5137000913AB /* button_silver@2x.png in Resources */ = {isa = PBXBuildFile; fileRef = 824714791B8B5137000913AB /* button_silver@2x.png */; };
		824714A51B8B5137000913AB /* chalkboard.png in Resources */ = {isa = PBXBuildFile; fileRef = 8247147A1B8B5137000913AB /* chalkboard.png */; };
		824714A61B8B5137000913AB /* chalkboard@2x.png in Resources */ = {isa = PBXBuildFile; fileRef = 8247147B1B8B5137000913AB /* chalkboard@2x.png */; };
		824714A71B8B5137000913AB /* food_box.png in Resources */ = {isa = PBXBuildFile; fileRef = 8247147C1B8B5137000913AB /* food_box.png */; };
		824714A81B8B5137000913AB /* food_box@2x.png in Resources */ = {isa = PBXBuildFile; fileRef = 8247147D1B8B5137000913AB /* food_box@2x.png */; };
		824714A91B8B5137000913AB /* food_cheeseburger.png in Resources */ = {isa = PBXBuildFile; fileRef = 8247147E1B8B5137000913AB /* food_cheeseburger.png */; };
		824714AA1B8B5137000913AB /* food_cheeseburger@2x.png in Resources */ = {isa = PBXBuildFile; fileRef = 8247147F1B8B5137000913AB /* food_cheeseburger@2x.png */; };
		824714AB1B8B5137000913AB /* food_fries.png in Resources */ = {isa = PBXBuildFile; fileRef = 824714801B8B5137000913AB /* food_fries.png */; };
		824714AC1B8B5137000913AB /* food_fries@2x.png in Resources */ = {isa = PBXBuildFile; fileRef = 824714811B8B5137000913AB /* food_fries@2x.png */; };
		824714AD1B8B5137000913AB /* food_hamburger.png in Resources */ = {isa = PBXBuildFile; fileRef = 824714821B8B5137000913AB /* food_hamburger.png */; };
		824714AE1B8B5137000913AB /* food_hamburger@2x.png in Resources */ = {isa = PBXBuildFile; fileRef = 824714831B8B5137000913AB /* food_hamburger@2x.png */; };
		824714AF1B8B5137000913AB /* food_milkshake.png in Resources */ = {isa = PBXBuildFile; fileRef = 824714841B8B5137000913AB /* food_milkshake.png */; };
		824714B01B8B5137000913AB /* food_milkshake@2x.png in Resources */ = {isa = PBXBuildFile; fileRef = 824714851B8B5137000913AB /* food_milkshake@2x.png */; };
		824714B11B8B5137000913AB /* food_onion-rings.png in Resources */ = {isa = PBXBuildFile; fileRef = 824714861B8B5137000913AB /* food_onion-rings.png */; };
		824714B21B8B5137000913AB /* food_onion-rings@2x.png in Resources */ = {isa = PBXBuildFile; fileRef = 824714871B8B5137000913AB /* food_onion-rings@2x.png */; };
		824714B31B8B5137000913AB /* food_pizza.png in Resources */ = {isa = PBXBuildFile; fileRef = 824714881B8B5137000913AB /* food_pizza.png */; };
		824714B41B8B5137000913AB /* food_pizza@2x.png in Resources */ = {isa = PBXBuildFile; fileRef = 824714891B8B5137000913AB /* food_pizza@2x.png */; };
		824714B51B8B5137000913AB /* food_soda.png in Resources */ = {isa = PBXBuildFile; fileRef = 8247148A1B8B5137000913AB /* food_soda.png */; };
		824714B61B8B5137000913AB /* food_soda@2x.png in Resources */ = {isa = PBXBuildFile; fileRef = 8247148B1B8B5137000913AB /* food_soda@2x.png */; };
		824714B71B8B5137000913AB /* mockup_diner.png in Resources */ = {isa = PBXBuildFile; fileRef = 8247148C1B8B5137000913AB /* mockup_diner.png */; };
		824714B81B8B5137000913AB /* mockup_diner@2x.png in Resources */ = {isa = PBXBuildFile; fileRef = 8247148D1B8B5137000913AB /* mockup_diner@2x.png */; };
		824714B91B8B5137000913AB /* person.png in Resources */ = {isa = PBXBuildFile; fileRef = 8247148E1B8B5137000913AB /* person.png */; };
		824714BA1B8B5137000913AB /* person@2x.png in Resources */ = {isa = PBXBuildFile; fileRef = 8247148F1B8B5137000913AB /* person@2x.png */; };
		824714BB1B8B5137000913AB /* sign_blank.png in Resources */ = {isa = PBXBuildFile; fileRef = 824714901B8B5137000913AB /* sign_blank.png */; };
		824714BC1B8B5137000913AB /* sign_blank@2x.png in Resources */ = {isa = PBXBuildFile; fileRef = 824714911B8B5137000913AB /* sign_blank@2x.png */; };
		824714BD1B8B5137000913AB /* sign_theiOSdiner.png in Resources */ = {isa = PBXBuildFile; fileRef = 824714921B8B5137000913AB /* sign_theiOSdiner.png */; };
		824714BE1B8B5137000913AB /* sign_theiOSdiner@2x.png in Resources */ = {isa = PBXBuildFile; fileRef = 824714931B8B5137000913AB /* sign_theiOSdiner@2x.png */; };
		824714BF1B8B5137000913AB /* total_field_stretch.png in Resources */ = {isa = PBXBuildFile; fileRef = 824714941B8B5137000913AB /* total_field_stretch.png */; };
		824714C01B8B5137000913AB /* total_field_stretch@2x.png in Resources */ = {isa = PBXBuildFile; fileRef = 824714951B8B5137000913AB /* total_field_stretch@2x.png */; };
		824714C11B8B5137000913AB /* total_field.png in Resources */ = {isa = PBXBuildFile; fileRef = 824714961B8B5137000913AB /* total_field.png */; };
		824714C21B8B5137000913AB /* total_field@2x.png in Resources */ = {isa = PBXBuildFile; fileRef = 824714971B8B5137000913AB /* total_field@2x.png */; };
/* End PBXBuildFile section */

/* Begin PBXContainerItemProxy section */
		8247145D1B8B5028000913AB /* PBXContainerItemProxy */ = {
			isa = PBXContainerItemProxy;
			containerPortal = 8247143B1B8B5028000913AB /* Project object */;
			proxyType = 1;
			remoteGlobalIDString = 824714421B8B5028000913AB;
			remoteInfo = 001iOSDiner_iOS_ObjC;
		};
/* End PBXContainerItemProxy section */

/* Begin PBXFileReference section */
		824714431B8B5028000913AB /* 001iOSDiner_iOS_ObjC.app */ = {isa = PBXFileReference; explicitFileType = wrapper.application; includeInIndex = 0; path = 001iOSDiner_iOS_ObjC.app; sourceTree = BUILT_PRODUCTS_DIR; };
		824714471B8B5028000913AB /* Info.plist */ = {isa = PBXFileReference; lastKnownFileType = text.plist.xml; path = Info.plist; sourceTree = "<group>"; };
		824714481B8B5028000913AB /* main.m */ = {isa = PBXFileReference; lastKnownFileType = sourcecode.c.objc; path = main.m; sourceTree = "<group>"; };
		8247144A1B8B5028000913AB /* AppDelegate.h */ = {isa = PBXFileReference; lastKnownFileType = sourcecode.c.h; path = AppDelegate.h; sourceTree = "<group>"; };
		8247144B1B8B5028000913AB /* AppDelegate.m */ = {isa = PBXFileReference; lastKnownFileType = sourcecode.c.objc; path = AppDelegate.m; sourceTree = "<group>"; };
		8247144D1B8B5028000913AB /* ViewController.h */ = {isa = PBXFileReference; lastKnownFileType = sourcecode.c.h; path = ViewController.h; sourceTree = "<group>"; };
		8247144E1B8B5028000913AB /* ViewController.m */ = {isa = PBXFileReference; lastKnownFileType = sourcecode.c.objc; path = ViewController.m; sourceTree = "<group>"; };
		824714511B8B5028000913AB /* Base */ = {isa = PBXFileReference; lastKnownFileType = file.storyboard; name = Base; path = Base.lproj/Main.storyboard; sourceTree = "<group>"; };
		824714531B8B5028000913AB /* Images.xcassets */ = {isa = PBXFileReference; lastKnownFileType = folder.assetcatalog; path = Images.xcassets; sourceTree = "<group>"; };
		824714561B8B5028000913AB /* Base */ = {isa = PBXFileReference; lastKnownFileType = file.xib; name = Base; path = Base.lproj/LaunchScreen.xib; sourceTree = "<group>"; };
		8247145C1B8B5028000913AB /* 001iOSDiner_iOS_ObjCTests.xctest */ = {isa = PBXFileReference; explicitFileType = wrapper.cfbundle; includeInIndex = 0; path = 001iOSDiner_iOS_ObjCTests.xctest; sourceTree = BUILT_PRODUCTS_DIR; };
		824714611B8B5028000913AB /* Info.plist */ = {isa = PBXFileReference; lastKnownFileType = text.plist.xml; path = Info.plist; sourceTree = "<group>"; };
		824714621B8B5028000913AB /* _01iOSDiner_iOS_ObjCTests.m */ = {isa = PBXFileReference; lastKnownFileType = sourcecode.c.objc; path = _01iOSDiner_iOS_ObjCTests.m; sourceTree = "<group>"; };
		8247146E1B8B5137000913AB /* bg_counter.png */ = {isa = PBXFileReference; lastKnownFileType = image.png; path = bg_counter.png; sourceTree = "<group>"; };
		8247146F1B8B5137000913AB /* bg_counter@2x.png */ = {isa = PBXFileReference; lastKnownFileType = image.png; path = "bg_counter@2x.png"; sourceTree = "<group>"; };
		824714701B8B5137000913AB /* bg_wall.png */ = {isa = PBXFileReference; lastKnownFileType = image.png; path = bg_wall.png; sourceTree = "<group>"; };
		824714711B8B5137000913AB /* bg_wall@2x.png */ = {isa = PBXFileReference; lastKnownFileType = image.png; path = "bg_wall@2x.png"; sourceTree = "<group>"; };
		824714721B8B5137000913AB /* button_arrow_left.png */ = {isa = PBXFileReference; lastKnownFileType = image.png; path = button_arrow_left.png; sourceTree = "<group>"; };
		824714731B8B5137000913AB /* button_arrow_left@2x.png */ = {isa = PBXFileReference; lastKnownFileType = image.png; path = "button_arrow_left@2x.png"; sourceTree = "<group>"; };
		824714741B8B5137000913AB /* button_arrow.png */ = {isa = PBXFileReference; lastKnownFileType = image.png; path = button_arrow.png; sourceTree = "<group>"; };
		824714751B8B5137000913AB /* button_arrow@2x.png */ = {isa = PBXFileReference; lastKnownFileType = image.png; path = "button_arrow@2x.png"; sourceTree = "<group>"; };
		824714761B8B5137000913AB /* button_silver_stretch.png */ = {isa = PBXFileReference; lastKnownFileType = image.png; path = button_silver_stretch.png; sourceTree = "<group>"; };
		824714771B8B5137000913AB /* button_silver_stretch@2x.png */ = {isa = PBXFileReference; lastKnownFileType = image.png; path = "button_silver_stretch@2x.png"; sourceTree = "<group>"; };
		824714781B8B5137000913AB /* button_silver.png */ = {isa = PBXFileReference; lastKnownFileType = image.png; path = button_silver.png; sourceTree = "<group>"; };
		824714791B8B5137000913AB /* button_silver@2x.png */ = {isa = PBXFileReference; lastKnownFileType = image.png; path = "button_silver@2x.png"; sourceTree = "<group>"; };
		8247147A1B8B5137000913AB /* chalkboard.png */ = {isa = PBXFileReference; lastKnownFileType = image.png; path = chalkboard.png; sourceTree = "<group>"; };
		8247147B1B8B5137000913AB /* chalkboard@2x.png */ = {isa = PBXFileReference; lastKnownFileType = image.png; path = "chalkboard@2x.png"; sourceTree = "<group>"; };
		8247147C1B8B5137000913AB /* food_box.png */ = {isa = PBXFileReference; lastKnownFileType = image.png; path = food_box.png; sourceTree = "<group>"; };
		8247147D1B8B5137000913AB /* food_box@2x.png */ = {isa = PBXFileReference; lastKnownFileType = image.png; path = "food_box@2x.png"; sourceTree = "<group>"; };
		8247147E1B8B5137000913AB /* food_cheeseburger.png */ = {isa = PBXFileReference; lastKnownFileType = image.png; path = food_cheeseburger.png; sourceTree = "<group>"; };
		8247147F1B8B5137000913AB /* food_cheeseburger@2x.png */ = {isa = PBXFileReference; lastKnownFileType = image.png; path = "food_cheeseburger@2x.png"; sourceTree = "<group>"; };
		824714801B8B5137000913AB /* food_fries.png */ = {isa = PBXFileReference; lastKnownFileType = image.png; path = food_fries.png; sourceTree = "<group>"; };
		824714811B8B5137000913AB /* food_fries@2x.png */ = {isa = PBXFileReference; lastKnownFileType = image.png; path = "food_fries@2x.png"; sourceTree = "<group>"; };
		824714821B8B5137000913AB /* food_hamburger.png */ = {isa = PBXFileReference; lastKnownFileType = image.png; path = food_hamburger.png; sourceTree = "<group>"; };
		824714831B8B5137000913AB /* food_hamburger@2x.png */ = {isa = PBXFileReference; lastKnownFileType = image.png; path = "food_hamburger@2x.png"; sourceTree = "<group>"; };
		824714841B8B5137000913AB /* food_milkshake.png */ = {isa = PBXFileReference; lastKnownFileType = image.png; path = food_milkshake.png; sourceTree = "<group>"; };
		824714851B8B5137000913AB /* food_milkshake@2x.png */ = {isa = PBXFileReference; lastKnownFileType = image.png; path = "food_milkshake@2x.png"; sourceTree = "<group>"; };
		824714861B8B5137000913AB /* food_onion-rings.png */ = {isa = PBXFileReference; lastKnownFileType = image.png; path = "food_onion-rings.png"; sourceTree = "<group>"; };
		824714871B8B5137000913AB /* food_onion-rings@2x.png */ = {isa = PBXFileReference; lastKnownFileType = image.png; path = "food_onion-rings@2x.png"; sourceTree = "<group>"; };
		824714881B8B5137000913AB /* food_pizza.png */ = {isa = PBXFileReference; lastKnownFileType = image.png; path = food_pizza.png; sourceTree = "<group>"; };
		824714891B8B5137000913AB /* food_pizza@2x.png */ = {isa = PBXFileReference; lastKnownFileType = image.png; path = "food_pizza@2x.png"; sourceTree = "<group>"; };
		8247148A1B8B5137000913AB /* food_soda.png */ = {isa = PBXFileReference; lastKnownFileType = image.png; path = food_soda.png; sourceTree = "<group>"; };
		8247148B1B8B5137000913AB /* food_soda@2x.png */ = {isa = PBXFileReference; lastKnownFileType = image.png; path = "food_soda@2x.png"; sourceTree = "<group>"; };
		8247148C1B8B5137000913AB /* mockup_diner.png */ = {isa = PBXFileReference; lastKnownFileType = image.png; path = mockup_diner.png; sourceTree = "<group>"; };
		8247148D1B8B5137000913AB /* mockup_diner@2x.png */ = {isa = PBXFileReference; lastKnownFileType = image.png; path = "mockup_diner@2x.png"; sourceTree = "<group>"; };
		8247148E1B8B5137000913AB /* person.png */ = {isa = PBXFileReference; lastKnownFileType = image.png; path = person.png; sourceTree = "<group>"; };
		8247148F1B8B5137000913AB /* person@2x.png */ = {isa = PBXFileReference; lastKnownFileType = image.png; path = "person@2x.png"; sourceTree = "<group>"; };
		824714901B8B5137000913AB /* sign_blank.png */ = {isa = PBXFileReference; lastKnownFileType = image.png; path = sign_blank.png; sourceTree = "<group>"; };
		824714911B8B5137000913AB /* sign_blank@2x.png */ = {isa = PBXFileReference; lastKnownFileType = image.png; path = "sign_blank@2x.png"; sourceTree = "<group>"; };
		824714921B8B5137000913AB /* sign_theiOSdiner.png */ = {isa = PBXFileReference; lastKnownFileType = image.png; path = sign_theiOSdiner.png; sourceTree = "<group>"; };
		824714931B8B5137000913AB /* sign_theiOSdiner@2x.png */ = {isa = PBXFileReference; lastKnownFileType = image.png; path = "sign_theiOSdiner@2x.png"; sourceTree = "<group>"; };
		824714941B8B5137000913AB /* total_field_stretch.png */ = {isa = PBXFileReference; lastKnownFileType = image.png; path = total_field_stretch.png; sourceTree = "<group>"; };
		824714951B8B5137000913AB /* total_field_stretch@2x.png */ = {isa = PBXFileReference; lastKnownFileType = image.png; path = "total_field_stretch@2x.png"; sourceTree = "<group>"; };
		824714961B8B5137000913AB /* total_field.png */ = {isa = PBXFileReference; lastKnownFileType = image.png; path = total_field.png; sourceTree = "<group>"; };
		824714971B8B5137000913AB /* total_field@2x.png */ = {isa = PBXFileReference; lastKnownFileType = image.png; path = "total_field@2x.png"; sourceTree = "<group>"; };
/* End PBXFileReference section */

/* Begin PBXFrameworksBuildPhase section */
		824714401B8B5028000913AB /* Frameworks */ = {
			isa = PBXFrameworksBuildPhase;
			buildActionMask = 2147483647;
			files = (
			);
			runOnlyForDeploymentPostprocessing = 0;
		};
		824714591B8B5028000913AB /* Frameworks */ = {
			isa = PBXFrameworksBuildPhase;
			buildActionMask = 2147483647;
			files = (
			);
			runOnlyForDeploymentPostprocessing = 0;
		};
/* End PBXFrameworksBuildPhase section */

/* Begin PBXGroup section */
		8247143A1B8B5028000913AB = {
			isa = PBXGroup;
			children = (
				824714451B8B5028000913AB /* 001iOSDiner_iOS_ObjC */,
				8247145F1B8B5028000913AB /* 001iOSDiner_iOS_ObjCTests */,
				824714441B8B5028000913AB /* Products */,
			);
			sourceTree = "<group>";
		};
		824714441B8B5028000913AB /* Products */ = {
			isa = PBXGroup;
			children = (
				824714431B8B5028000913AB /* 001iOSDiner_iOS_ObjC.app */,
				8247145C1B8B5028000913AB /* 001iOSDiner_iOS_ObjCTests.xctest */,
			);
			name = Products;
			sourceTree = "<group>";
		};
		824714451B8B5028000913AB /* 001iOSDiner_iOS_ObjC */ = {
			isa = PBXGroup;
			children = (
				8247146C1B8B5121000913AB /* Assets */,
				8247144A1B8B5028000913AB /* AppDelegate.h */,
				8247144B1B8B5028000913AB /* AppDelegate.m */,
				8247144D1B8B5028000913AB /* ViewController.h */,
				8247144E1B8B5028000913AB /* ViewController.m */,
				824714501B8B5028000913AB /* Main.storyboard */,
				824714531B8B5028000913AB /* Images.xcassets */,
				824714551B8B5028000913AB /* LaunchScreen.xib */,
				824714461B8B5028000913AB /* Supporting Files */,
			);
			path = 001iOSDiner_iOS_ObjC;
			sourceTree = "<group>";
		};
		824714461B8B5028000913AB /* Supporting Files */ = {
			isa = PBXGroup;
			children = (
				824714471B8B5028000913AB /* Info.plist */,
				824714481B8B5028000913AB /* main.m */,
			);
			name = "Supporting Files";
			sourceTree = "<group>";
		};
		8247145F1B8B5028000913AB /* 001iOSDiner_iOS_ObjCTests */ = {
			isa = PBXGroup;
			children = (
				824714621B8B5028000913AB /* _01iOSDiner_iOS_ObjCTests.m */,
				824714601B8B5028000913AB /* Supporting Files */,
			);
			path = 001iOSDiner_iOS_ObjCTests;
			sourceTree = "<group>";
		};
		824714601B8B5028000913AB /* Supporting Files */ = {
			isa = PBXGroup;
			children = (
				824714611B8B5028000913AB /* Info.plist */,
			);
			name = "Supporting Files";
			sourceTree = "<group>";
		};
		8247146C1B8B5121000913AB /* Assets */ = {
			isa = PBXGroup;
			children = (
				8247146E1B8B5137000913AB /* bg_counter.png */,
				8247146F1B8B5137000913AB /* bg_counter@2x.png */,
				824714701B8B5137000913AB /* bg_wall.png */,
				824714711B8B5137000913AB /* bg_wall@2x.png */,
				824714721B8B5137000913AB /* button_arrow_left.png */,
				824714731B8B5137000913AB /* button_arrow_left@2x.png */,
				824714741B8B5137000913AB /* button_arrow.png */,
				824714751B8B5137000913AB /* button_arrow@2x.png */,
				824714761B8B5137000913AB /* button_silver_stretch.png */,
				824714771B8B5137000913AB /* button_silver_stretch@2x.png */,
				824714781B8B5137000913AB /* button_silver.png */,
				824714791B8B5137000913AB /* button_silver@2x.png */,
				8247147A1B8B5137000913AB /* chalkboard.png */,
				8247147B1B8B5137000913AB /* chalkboard@2x.png */,
				8247147C1B8B5137000913AB /* food_box.png */,
				8247147D1B8B5137000913AB /* food_box@2x.png */,
				8247147E1B8B5137000913AB /* food_cheeseburger.png */,
				8247147F1B8B5137000913AB /* food_cheeseburger@2x.png */,
				824714801B8B5137000913AB /* food_fries.png */,
				824714811B8B5137000913AB /* food_fries@2x.png */,
				824714821B8B5137000913AB /* food_hamburger.png */,
				824714831B8B5137000913AB /* food_hamburger@2x.png */,
				824714841B8B5137000913AB /* food_milkshake.png */,
				824714851B8B5137000913AB /* food_milkshake@2x.png */,
				824714861B8B5137000913AB /* food_onion-rings.png */,
				824714871B8B5137000913AB /* food_onion-rings@2x.png */,
				824714881B8B5137000913AB /* food_pizza.png */,
				824714891B8B5137000913AB /* food_pizza@2x.png */,
				8247148A1B8B5137000913AB /* food_soda.png */,
				8247148B1B8B5137000913AB /* food_soda@2x.png */,
				8247148C1B8B5137000913AB /* mockup_diner.png */,
				8247148D1B8B5137000913AB /* mockup_diner@2x.png */,
				8247148E1B8B5137000913AB /* person.png */,
				8247148F1B8B5137000913AB /* person@2x.png */,
				824714901B8B5137000913AB /* sign_blank.png */,
				824714911B8B5137000913AB /* sign_blank@2x.png */,
				824714921B8B5137000913AB /* sign_theiOSdiner.png */,
				824714931B8B5137000913AB /* sign_theiOSdiner@2x.png */,
				824714941B8B5137000913AB /* total_field_stretch.png */,
				824714951B8B5137000913AB /* total_field_stretch@2x.png */,
				824714961B8B5137000913AB /* total_field.png */,
				824714971B8B5137000913AB /* total_field@2x.png */,
			);
			name = Assets;
			sourceTree = "<group>";
		};
/* End PBXGroup section */

/* Begin PBXNativeTarget section */
		824714421B8B5028000913AB /* 001iOSDiner_iOS_ObjC */ = {
			isa = PBXNativeTarget;
			buildConfigurationList = 824714661B8B5028000913AB /* Build configuration list for PBXNativeTarget "001iOSDiner_iOS_ObjC" */;
			buildPhases = (
				8247143F1B8B5028000913AB /* Sources */,
				824714401B8B5028000913AB /* Frameworks */,
				824714411B8B5028000913AB /* Resources */,
			);
			buildRules = (
			);
			dependencies = (
			);
			name = 001iOSDiner_iOS_ObjC;
			productName = 001iOSDiner_iOS_ObjC;
			productReference = 824714431B8B5028000913AB /* 001iOSDiner_iOS_ObjC.app */;
			productType = "com.apple.product-type.application";
		};
		8247145B1B8B5028000913AB /* 001iOSDiner_iOS_ObjCTests */ = {
			isa = PBXNativeTarget;
			buildConfigurationList = 824714691B8B5028000913AB /* Build configuration list for PBXNativeTarget "001iOSDiner_iOS_ObjCTests" */;
			buildPhases = (
				824714581B8B5028000913AB /* Sources */,
				824714591B8B5028000913AB /* Frameworks */,
				8247145A1B8B5028000913AB /* Resources */,
			);
			buildRules = (
			);
			dependencies = (
				8247145E1B8B5028000913AB /* PBXTargetDependency */,
			);
			name = 001iOSDiner_iOS_ObjCTests;
			productName = 001iOSDiner_iOS_ObjCTests;
			productReference = 8247145C1B8B5028000913AB /* 001iOSDiner_iOS_ObjCTests.xctest */;
			productType = "com.apple.product-type.bundle.unit-test";
		};
/* End PBXNativeTarget section */

/* Begin PBXProject section */
		8247143B1B8B5028000913AB /* Project object */ = {
			isa = PBXProject;
			attributes = {
				LastUpgradeCheck = 0640;
				ORGANIZATIONNAME = MELI;
				TargetAttributes = {
					824714421B8B5028000913AB = {
						CreatedOnToolsVersion = 6.4;
					};
					8247145B1B8B5028000913AB = {
						CreatedOnToolsVersion = 6.4;
						TestTargetID = 824714421B8B5028000913AB;
					};
				};
			};
			buildConfigurationList = 8247143E1B8B5028000913AB /* Build configuration list for PBXProject "001iOSDiner_iOS_ObjC" */;
			compatibilityVersion = "Xcode 3.2";
			developmentRegion = English;
			hasScannedForEncodings = 0;
			knownRegions = (
				en,
				Base,
			);
			mainGroup = 8247143A1B8B5028000913AB;
			productRefGroup = 824714441B8B5028000913AB /* Products */;
			projectDirPath = "";
			projectRoot = "";
			targets = (
				824714421B8B5028000913AB /* 001iOSDiner_iOS_ObjC */,
				8247145B1B8B5028000913AB /* 001iOSDiner_iOS_ObjCTests */,
			);
		};
/* End PBXProject section */

/* Begin PBXResourcesBuildPhase section */
		824714411B8B5028000913AB /* Resources */ = {
			isa = PBXResourcesBuildPhase;
			buildActionMask = 2147483647;
			files = (
				824714A71B8B5137000913AB /* food_box.png in Resources */,
				824714AD1B8B5137000913AB /* food_hamburger.png in Resources */,
				824714521B8B5028000913AB /* Main.storyboard in Resources */,
				824714B41B8B5137000913AB /* food_pizza@2x.png in Resources */,
				824714AF1B8B5137000913AB /* food_milkshake.png in Resources */,
				824714A41B8B5137000913AB /* button_silver@2x.png in Resources */,
				824714AE1B8B5137000913AB /* food_hamburger@2x.png in Resources */,
				824714A91B8B5137000913AB /* food_cheeseburger.png in Resources */,
				8247149E1B8B5137000913AB /* button_arrow_left@2x.png in Resources */,
				8247149F1B8B5137000913AB /* button_arrow.png in Resources */,
				824714C11B8B5137000913AB /* total_field.png in Resources */,
				824714AC1B8B5137000913AB /* food_fries@2x.png in Resources */,
				824714B61B8B5137000913AB /* food_soda@2x.png in Resources */,
				824714A51B8B5137000913AB /* chalkboard.png in Resources */,
				824714571B8B5028000913AB /* LaunchScreen.xib in Resources */,
				824714BC1B8B5137000913AB /* sign_blank@2x.png in Resources */,
				824714B31B8B5137000913AB /* food_pizza.png in Resources */,
				824714AA1B8B5137000913AB /* food_cheeseburger@2x.png in Resources */,
				8247149A1B8B5137000913AB /* bg_counter@2x.png in Resources */,
				8247149C1B8B5137000913AB /* bg_wall@2x.png in Resources */,
				824714B21B8B5137000913AB /* food_onion-rings@2x.png in Resources */,
				824714541B8B5028000913AB /* Images.xcassets in Resources */,
				824714A31B8B5137000913AB /* button_silver.png in Resources */,
				824714B01B8B5137000913AB /* food_milkshake@2x.png in Resources */,
				824714A81B8B5137000913AB /* food_box@2x.png in Resources */,
				824714BF1B8B5137000913AB /* total_field_stretch.png in Resources */,
				824714B81B8B5137000913AB /* mockup_diner@2x.png in Resources */,
				824714BD1B8B5137000913AB /* sign_theiOSdiner.png in Resources */,
				824714B91B8B5137000913AB /* person.png in Resources */,
				824714A11B8B5137000913AB /* button_silver_stretch.png in Resources */,
				824714B11B8B5137000913AB /* food_onion-rings.png in Resources */,
				824714B51B8B5137000913AB /* food_soda.png in Resources */,
				8247149B1B8B5137000913AB /* bg_wall.png in Resources */,
				824714A61B8B5137000913AB /* chalkboard@2x.png in Resources */,
				824714BA1B8B5137000913AB /* person@2x.png in Resources */,
				824714C21B8B5137000913AB /* total_field@2x.png in Resources */,
				824714BE1B8B5137000913AB /* sign_theiOSdiner@2x.png in Resources */,
				8247149D1B8B5137000913AB /* button_arrow_left.png in Resources */,
				824714A21B8B5137000913AB /* button_silver_stretch@2x.png in Resources */,
				824714A01B8B5137000913AB /* button_arrow@2x.png in Resources */,
				824714AB1B8B5137000913AB /* food_fries.png in Resources */,
				824714991B8B5137000913AB /* bg_counter.png in Resources */,
				824714B71B8B5137000913AB /* mockup_diner.png in Resources */,
				824714C01B8B5137000913AB /* total_field_stretch@2x.png in Resources */,
				824714BB1B8B5137000913AB /* sign_blank.png in Resources */,
			);
			runOnlyForDeploymentPostprocessing = 0;
		};
		8247145A1B8B5028000913AB /* Resources */ = {
			isa = PBXResourcesBuildPhase;
			buildActionMask = 2147483647;
			files = (
			);
			runOnlyForDeploymentPostprocessing = 0;
		};
/* End PBXResourcesBuildPhase section */

/* Begin PBXSourcesBuildPhase section */
		8247143F1B8B5028000913AB /* Sources */ = {
			isa = PBXSourcesBuildPhase;
			buildActionMask = 2147483647;
			files = (
				8247144F1B8B5028000913AB /* ViewController.m in Sources */,
				8247144C1B8B5028000913AB /* AppDelegate.m in Sources */,
				824714491B8B5028000913AB /* main.m in Sources */,
			);
			runOnlyForDeploymentPostprocessing = 0;
		};
		824714581B8B5028000913AB /* Sources */ = {
			isa = PBXSourcesBuildPhase;
			buildActionMask = 2147483647;
			files = (
				824714631B8B5028000913AB /* _01iOSDiner_iOS_ObjCTests.m in Sources */,
			);
			runOnlyForDeploymentPostprocessing = 0;
		};
/* End PBXSourcesBuildPhase section */

/* Begin PBXTargetDependency section */
		8247145E1B8B5028000913AB /* PBXTargetDependency */ = {
			isa = PBXTargetDependency;
			target = 824714421B8B5028000913AB /* 001iOSDiner_iOS_ObjC */;
			targetProxy = 8247145D1B8B5028000913AB /* PBXContainerItemProxy */;
		};
/* End PBXTargetDependency section */

/* Begin PBXVariantGroup section */
		824714501B8B5028000913AB /* Main.storyboard */ = {
			isa = PBXVariantGroup;
			children = (
				824714511B8B5028000913AB /* Base */,
			);
			name = Main.storyboard;
			sourceTree = "<group>";
		};
		824714551B8B5028000913AB /* LaunchScreen.xib */ = {
			isa = PBXVariantGroup;
			children = (
				824714561B8B5028000913AB /* Base */,
			);
			name = LaunchScreen.xib;
			sourceTree = "<group>";
		};
/* End PBXVariantGroup section */

/* Begin XCBuildConfiguration section */
		824714641B8B5028000913AB /* Debug */ = {
			isa = XCBuildConfiguration;
			buildSettings = {
				ALWAYS_SEARCH_USER_PATHS = NO;
				CLANG_CXX_LANGUAGE_STANDARD = "gnu++0x";
				CLANG_CXX_LIBRARY = "libc++";
				CLANG_ENABLE_MODULES = YES;
				CLANG_ENABLE_OBJC_ARC = YES;
				CLANG_WARN_BOOL_CONVERSION = YES;
				CLANG_WARN_CONSTANT_CONVERSION = YES;
				CLANG_WARN_DIRECT_OBJC_ISA_USAGE = YES_ERROR;
				CLANG_WARN_EMPTY_BODY = YES;
				CLANG_WARN_ENUM_CONVERSION = YES;
				CLANG_WARN_INT_CONVERSION = YES;
				CLANG_WARN_OBJC_ROOT_CLASS = YES_ERROR;
				CLANG_WARN_UNREACHABLE_CODE = YES;
				CLANG_WARN__DUPLICATE_METHOD_MATCH = YES;
				"CODE_SIGN_IDENTITY[sdk=iphoneos*]" = "iPhone Developer";
				COPY_PHASE_STRIP = NO;
				DEBUG_INFORMATION_FORMAT = "dwarf-with-dsym";
				ENABLE_STRICT_OBJC_MSGSEND = YES;
				GCC_C_LANGUAGE_STANDARD = gnu99;
				GCC_DYNAMIC_NO_PIC = NO;
				GCC_NO_COMMON_BLOCKS = YES;
				GCC_OPTIMIZATION_LEVEL = 0;
				GCC_PREPROCESSOR_DEFINITIONS = (
					"DEBUG=1",
					"$(inherited)",
				);
				GCC_SYMBOLS_PRIVATE_EXTERN = NO;
				GCC_WARN_64_TO_32_BIT_CONVERSION = YES;
				GCC_WARN_ABOUT_RETURN_TYPE = YES_ERROR;
				GCC_WARN_UNDECLARED_SELECTOR = YES;
				GCC_WARN_UNINITIALIZED_AUTOS = YES_AGGRESSIVE;
				GCC_WARN_UNUSED_FUNCTION = YES;
				GCC_WARN_UNUSED_VARIABLE = YES;
				IPHONEOS_DEPLOYMENT_TARGET = 8.4;
				MTL_ENABLE_DEBUG_INFO = YES;
				ONLY_ACTIVE_ARCH = YES;
				SDKROOT = iphoneos;
			};
			name = Debug;
		};
		824714651B8B5028000913AB /* Release */ = {
			isa = XCBuildConfiguration;
			buildSettings = {
				ALWAYS_SEARCH_USER_PATHS = NO;
				CLANG_CXX_LANGUAGE_STANDARD = "gnu++0x";
				CLANG_CXX_LIBRARY = "libc++";
				CLANG_ENABLE_MODULES = YES;
				CLANG_ENABLE_OBJC_ARC = YES;
				CLANG_WARN_BOOL_CONVERSION = YES;
				CLANG_WARN_CONSTANT_CONVERSION = YES;
				CLANG_WARN_DIRECT_OBJC_ISA_USAGE = YES_ERROR;
				CLANG_WARN_EMPTY_BODY = YES;
				CLANG_WARN_ENUM_CONVERSION = YES;
				CLANG_WARN_INT_CONVERSION = YES;
				CLANG_WARN_OBJC_ROOT_CLASS = YES_ERROR;
				CLANG_WARN_UNREACHABLE_CODE = YES;
				CLANG_WARN__DUPLICATE_METHOD_MATCH = YES;
				"CODE_SIGN_IDENTITY[sdk=iphoneos*]" = "iPhone Developer";
				COPY_PHASE_STRIP = NO;
				DEBUG_INFORMATION_FORMAT = "dwarf-with-dsym";
				ENABLE_NS_ASSERTIONS = NO;
				ENABLE_STRICT_OBJC_MSGSEND = YES;
				GCC_C_LANGUAGE_STANDARD = gnu99;
				GCC_NO_COMMON_BLOCKS = YES;
				GCC_WARN_64_TO_32_BIT_CONVERSION = YES;
				GCC_WARN_ABOUT_RETURN_TYPE = YES_ERROR;
				GCC_WARN_UNDECLARED_SELECTOR = YES;
				GCC_WARN_UNINITIALIZED_AUTOS = YES_AGGRESSIVE;
				GCC_WARN_UNUSED_FUNCTION = YES;
				GCC_WARN_UNUSED_VARIABLE = YES;
				IPHONEOS_DEPLOYMENT_TARGET = 8.4;
				MTL_ENABLE_DEBUG_INFO = NO;
				SDKROOT = iphoneos;
				VALIDATE_PRODUCT = YES;
			};
			name = Release;
		};
		824714671B8B5028000913AB /* Debug */ = {
			isa = XCBuildConfiguration;
			buildSettings = {
				ASSETCATALOG_COMPILER_APPICON_NAME = AppIcon;
				INFOPLIST_FILE = 001iOSDiner_iOS_ObjC/Info.plist;
				LD_RUNPATH_SEARCH_PATHS = "$(inherited) @executable_path/Frameworks";
				PRODUCT_NAME = "$(TARGET_NAME)";
			};
			name = Debug;
		};
		824714681B8B5028000913AB /* Release */ = {
			isa = XCBuildConfiguration;
			buildSettings = {
				ASSETCATALOG_COMPILER_APPICON_NAME = AppIcon;
				INFOPLIST_FILE = 001iOSDiner_iOS_ObjC/Info.plist;
				LD_RUNPATH_SEARCH_PATHS = "$(inherited) @executable_path/Frameworks";
				PRODUCT_NAME = "$(TARGET_NAME)";
			};
			name = Release;
		};
		8247146A1B8B5028000913AB /* Debug */ = {
			isa = XCBuildConfiguration;
			buildSettings = {
				BUNDLE_LOADER = "$(TEST_HOST)";
				FRAMEWORK_SEARCH_PATHS = (
					"$(SDKROOT)/Developer/Library/Frameworks",
					"$(inherited)",
				);
				GCC_PREPROCESSOR_DEFINITIONS = (
					"DEBUG=1",
					"$(inherited)",
				);
				INFOPLIST_FILE = 001iOSDiner_iOS_ObjCTests/Info.plist;
				LD_RUNPATH_SEARCH_PATHS = "$(inherited) @executable_path/Frameworks @loader_path/Frameworks";
				PRODUCT_NAME = "$(TARGET_NAME)";
				TEST_HOST = "$(BUILT_PRODUCTS_DIR)/001iOSDiner_iOS_ObjC.app/001iOSDiner_iOS_ObjC";
			};
			name = Debug;
		};
		8247146B1B8B5028000913AB /* Release */ = {
			isa = XCBuildConfiguration;
			buildSettings = {
				BUNDLE_LOADER = "$(TEST_HOST)";
				FRAMEWORK_SEARCH_PATHS = (
					"$(SDKROOT)/Developer/Library/Frameworks",
					"$(inherited)",
				);
				INFOPLIST_FILE = 001iOSDiner_iOS_ObjCTests/Info.plist;
				LD_RUNPATH_SEARCH_PATHS = "$(inherited) @executable_path/Frameworks @loader_path/Frameworks";
				PRODUCT_NAME = "$(TARGET_NAME)";
				TEST_HOST = "$(BUILT_PRODUCTS_DIR)/001iOSDiner_iOS_ObjC.app/001iOSDiner_iOS_ObjC";
			};
			name = Release;
		};
/* End XCBuildConfiguration section */

/* Begin XCConfigurationList section */
		8247143E1B8B5028000913AB /* Build configuration list for PBXProject "001iOSDiner_iOS_ObjC" */ = {
			isa = XCConfigurationList;
			buildConfigurations = (
				824714641B8B5028000913AB /* Debug */,
				824714651B8B5028000913AB /* Release */,
			);
			defaultConfigurationIsVisible = 0;
			defaultConfigurationName = Release;
		};
		824714661B8B5028000913AB /* Build configuration list for PBXNativeTarget "001iOSDiner_iOS_ObjC" */ = {
			isa = XCConfigurationList;
			buildConfigurations = (
				824714671B8B5028000913AB /* Debug */,
				824714681B8B5028000913AB /* Release */,
			);
			defaultConfigurationIsVisible = 0;
		};
		824714691B8B5028000913AB /* Build configuration list for PBXNativeTarget "001iOSDiner_iOS_ObjCTests" */ = {
			isa = XCConfigurationList;
			buildConfigurations = (
				8247146A1B8B5028000913AB /* Debug */,
				8247146B1B8B5028000913AB /* Release */,
			);
			defaultConfigurationIsVisible = 0;
		};
/* End XCConfigurationList section */
	};
	rootObject = 8247143B1B8B5028000913AB /* Project object */;
}
